
Microsoft Visual Studio Solution File, Format Version 12.00
# Visual Studio Version 17
VisualStudioVersion = 17.8.34316.72
MinimumVisualStudioVersion = 10.0.40219.1
Project("{FAE04EC0-301F-11D3-BF4B-00C04F79EFBC}") = "LiquidTest", "LiquidTest\LiquidTest.csproj", "{D1DE69D9-53A2-4712-A29A-1299FF53599F}"
EndProject
Global
	GlobalSection(SolutionConfigurationPlatforms) = preSolution
		Debug|Any CPU = Debug|Any CPU
		Release|Any CPU = Release|Any CPU
	EndGlobalSection
	GlobalSection(ProjectConfigurationPlatforms) = postSolution
		{D1DE69D9-53A2-4712-A29A-1299FF53599F}.Debug|Any CPU.ActiveCfg = Debug|Any CPU
		{D1DE69D9-53A2-4712-A29A-1299FF53599F}.Debug|Any CPU.Build.0 = Debug|Any CPU
		{D1DE69D9-53A2-4712-A29A-1299FF53599F}.Release|Any CPU.ActiveCfg = Release|Any CPU
		{D1DE69D9-53A2-4712-A29A-1299FF53599F}.Release|Any CPU.Build.0 = Release|Any CPU
	EndGlobalSection
	GlobalSection(SolutionProperties) = preSolution
		HideSolutionNode = FALSE
	EndGlobalSection
	GlobalSection(ExtensibilityGlobals) = postSolution
		SolutionGuid = {72232758-3481-4BD3-8158-DBB940195CEF}
	EndGlobalSection
EndGlobal
